
Microsoft Visual Studio Solution File, Format Version 12.00
# Visual Studio Version 16
VisualStudioVersion = 16.0.28803.202
MinimumVisualStudioVersion = 10.0.40219.1
Project("{9A19103F-16F7-4668-BE54-9A1E7A4F7556}") = "CardGame_Game", "CardGame_Game\CardGame_Game.csproj", "{5613D44F-1924-41DF-8112-6B25DFD3DCFE}"
EndProject
Project("{9A19103F-16F7-4668-BE54-9A1E7A4F7556}") = "CardGame_Data", "CardGame_Data\CardGame_Data.csproj", "{12583C96-26E5-412D-B74D-10F084D127BE}"
EndProject
Project("{9A19103F-16F7-4668-BE54-9A1E7A4F7556}") = "CardGame_DataAccess", "CardGame_DataAccess\CardGame_DataAccess.csproj", "{BD2C7E0E-1E6F-482D-ABFE-ED52C6C79785}"
EndProject
Project("{9A19103F-16F7-4668-BE54-9A1E7A4F7556}") = "CardGame_GameTests", "CardGame_GameTests\CardGame_GameTests.csproj", "{C0AB4104-2DD6-4E07-9AEC-B1CBEEB8D575}"
EndProject
Project("{9A19103F-16F7-4668-BE54-9A1E7A4F7556}") = "CardGame_Desktop", "CardGame_Desktop\CardGame_Desktop.csproj", "{253B89B0-2E16-4529-9CC2-5B7C763931B7}"
EndProject
Project("{FAE04EC0-301F-11D3-BF4B-00C04F79EFBC}") = "CardGame_Server", "CardGame_Server\CardGame_Server.csproj", "{6C2FB519-8524-4B5D-92F2-7386D2062922}"
EndProject
Project("{FAE04EC0-301F-11D3-BF4B-00C04F79EFBC}") = "CardGame_Client", "CardGame_Client\CardGame_Client.csproj", "{E108AAB1-D7E8-4F8F-B515-26581621CF2B}"
EndProject
Global
	GlobalSection(SolutionConfigurationPlatforms) = preSolution
		Debug|Any CPU = Debug|Any CPU
		Release|Any CPU = Release|Any CPU
	EndGlobalSection
	GlobalSection(ProjectConfigurationPlatforms) = postSolution
		{5613D44F-1924-41DF-8112-6B25DFD3DCFE}.Debug|Any CPU.ActiveCfg = Debug|Any CPU
		{5613D44F-1924-41DF-8112-6B25DFD3DCFE}.Debug|Any CPU.Build.0 = Debug|Any CPU
		{5613D44F-1924-41DF-8112-6B25DFD3DCFE}.Release|Any CPU.ActiveCfg = Release|Any CPU
		{5613D44F-1924-41DF-8112-6B25DFD3DCFE}.Release|Any CPU.Build.0 = Release|Any CPU
		{12583C96-26E5-412D-B74D-10F084D127BE}.Debug|Any CPU.ActiveCfg = Debug|Any CPU
		{12583C96-26E5-412D-B74D-10F084D127BE}.Debug|Any CPU.Build.0 = Debug|Any CPU
		{12583C96-26E5-412D-B74D-10F084D127BE}.Release|Any CPU.ActiveCfg = Release|Any CPU
		{12583C96-26E5-412D-B74D-10F084D127BE}.Release|Any CPU.Build.0 = Release|Any CPU
		{BD2C7E0E-1E6F-482D-ABFE-ED52C6C79785}.Debug|Any CPU.ActiveCfg = Debug|Any CPU
		{BD2C7E0E-1E6F-482D-ABFE-ED52C6C79785}.Debug|Any CPU.Build.0 = Debug|Any CPU
		{BD2C7E0E-1E6F-482D-ABFE-ED52C6C79785}.Release|Any CPU.ActiveCfg = Release|Any CPU
		{BD2C7E0E-1E6F-482D-ABFE-ED52C6C79785}.Release|Any CPU.Build.0 = Release|Any CPU
		{C0AB4104-2DD6-4E07-9AEC-B1CBEEB8D575}.Debug|Any CPU.ActiveCfg = Debug|Any CPU
		{C0AB4104-2DD6-4E07-9AEC-B1CBEEB8D575}.Debug|Any CPU.Build.0 = Debug|Any CPU
		{C0AB4104-2DD6-4E07-9AEC-B1CBEEB8D575}.Release|Any CPU.ActiveCfg = Release|Any CPU
		{C0AB4104-2DD6-4E07-9AEC-B1CBEEB8D575}.Release|Any CPU.Build.0 = Release|Any CPU
		{253B89B0-2E16-4529-9CC2-5B7C763931B7}.Debug|Any CPU.ActiveCfg = Debug|Any CPU
		{253B89B0-2E16-4529-9CC2-5B7C763931B7}.Debug|Any CPU.Build.0 = Debug|Any CPU
		{253B89B0-2E16-4529-9CC2-5B7C763931B7}.Release|Any CPU.ActiveCfg = Release|Any CPU
		{253B89B0-2E16-4529-9CC2-5B7C763931B7}.Release|Any CPU.Build.0 = Release|Any CPU
		{6C2FB519-8524-4B5D-92F2-7386D2062922}.Debug|Any CPU.ActiveCfg = Debug|Any CPU
		{6C2FB519-8524-4B5D-92F2-7386D2062922}.Debug|Any CPU.Build.0 = Debug|Any CPU
		{6C2FB519-8524-4B5D-92F2-7386D2062922}.Release|Any CPU.ActiveCfg = Release|Any CPU
		{6C2FB519-8524-4B5D-92F2-7386D2062922}.Release|Any CPU.Build.0 = Release|Any CPU
		{E108AAB1-D7E8-4F8F-B515-26581621CF2B}.Debug|Any CPU.ActiveCfg = Debug|Any CPU
		{E108AAB1-D7E8-4F8F-B515-26581621CF2B}.Debug|Any CPU.Build.0 = Debug|Any CPU
		{E108AAB1-D7E8-4F8F-B515-26581621CF2B}.Release|Any CPU.ActiveCfg = Release|Any CPU
		{E108AAB1-D7E8-4F8F-B515-26581621CF2B}.Release|Any CPU.Build.0 = Release|Any CPU
	EndGlobalSection
	GlobalSection(SolutionProperties) = preSolution
		HideSolutionNode = FALSE
	EndGlobalSection
	GlobalSection(ExtensibilityGlobals) = postSolution
		SolutionGuid = {AB386738-A69E-4C78-9A30-65AEB70FEEF6}
	EndGlobalSection
EndGlobal
