
Microsoft Visual Studio Solution File, Format Version 12.00
# Visual Studio Version 16
VisualStudioVersion = 16.0.28803.202
MinimumVisualStudioVersion = 10.0.40219.1
Project("{9A19103F-16F7-4668-BE54-9A1E7A4F7556}") = "CardGame_Test", "CardGame_Test\CardGame_Test.csproj", "{3ACCE7F2-AF71-4487-BD0C-A3BD9AF6CF2C}"
EndProject
Project("{9A19103F-16F7-4668-BE54-9A1E7A4F7556}") = "CardGame_Console", "CardGame_Console\CardGame_Console.csproj", "{482A140D-615B-4EAF-A7CD-8FC26FE6F28F}"
EndProject
Project("{9A19103F-16F7-4668-BE54-9A1E7A4F7556}") = "CardGame_Game", "CardGame_Game\CardGame_Game.csproj", "{5613D44F-1924-41DF-8112-6B25DFD3DCFE}"
EndProject
Project("{FAE04EC0-301F-11D3-BF4B-00C04F79EFBC}") = "CardGame_Data", "CardGame_Data\CardGame_Data.csproj", "{12583C96-26E5-412D-B74D-10F084D127BE}"
EndProject
Project("{FAE04EC0-301F-11D3-BF4B-00C04F79EFBC}") = "CardGame_DataAccess", "CardGame_DataAccess\CardGame_DataAccess.csproj", "{BD2C7E0E-1E6F-482D-ABFE-ED52C6C79785}"
EndProject
Global
	GlobalSection(SolutionConfigurationPlatforms) = preSolution
		Debug|Any CPU = Debug|Any CPU
		Release|Any CPU = Release|Any CPU
	EndGlobalSection
	GlobalSection(ProjectConfigurationPlatforms) = postSolution
		{3ACCE7F2-AF71-4487-BD0C-A3BD9AF6CF2C}.Debug|Any CPU.ActiveCfg = Debug|Any CPU
		{3ACCE7F2-AF71-4487-BD0C-A3BD9AF6CF2C}.Debug|Any CPU.Build.0 = Debug|Any CPU
		{3ACCE7F2-AF71-4487-BD0C-A3BD9AF6CF2C}.Release|Any CPU.ActiveCfg = Release|Any CPU
		{3ACCE7F2-AF71-4487-BD0C-A3BD9AF6CF2C}.Release|Any CPU.Build.0 = Release|Any CPU
		{482A140D-615B-4EAF-A7CD-8FC26FE6F28F}.Debug|Any CPU.ActiveCfg = Debug|Any CPU
		{482A140D-615B-4EAF-A7CD-8FC26FE6F28F}.Debug|Any CPU.Build.0 = Debug|Any CPU
		{482A140D-615B-4EAF-A7CD-8FC26FE6F28F}.Release|Any CPU.ActiveCfg = Release|Any CPU
		{482A140D-615B-4EAF-A7CD-8FC26FE6F28F}.Release|Any CPU.Build.0 = Release|Any CPU
		{5613D44F-1924-41DF-8112-6B25DFD3DCFE}.Debug|Any CPU.ActiveCfg = Debug|Any CPU
		{5613D44F-1924-41DF-8112-6B25DFD3DCFE}.Debug|Any CPU.Build.0 = Debug|Any CPU
		{5613D44F-1924-41DF-8112-6B25DFD3DCFE}.Release|Any CPU.ActiveCfg = Release|Any CPU
		{5613D44F-1924-41DF-8112-6B25DFD3DCFE}.Release|Any CPU.Build.0 = Release|Any CPU
		{12583C96-26E5-412D-B74D-10F084D127BE}.Debug|Any CPU.ActiveCfg = Debug|Any CPU
		{12583C96-26E5-412D-B74D-10F084D127BE}.Debug|Any CPU.Build.0 = Debug|Any CPU
		{12583C96-26E5-412D-B74D-10F084D127BE}.Release|Any CPU.ActiveCfg = Release|Any CPU
		{12583C96-26E5-412D-B74D-10F084D127BE}.Release|Any CPU.Build.0 = Release|Any CPU
		{BD2C7E0E-1E6F-482D-ABFE-ED52C6C79785}.Debug|Any CPU.ActiveCfg = Debug|Any CPU
		{BD2C7E0E-1E6F-482D-ABFE-ED52C6C79785}.Debug|Any CPU.Build.0 = Debug|Any CPU
		{BD2C7E0E-1E6F-482D-ABFE-ED52C6C79785}.Release|Any CPU.ActiveCfg = Release|Any CPU
		{BD2C7E0E-1E6F-482D-ABFE-ED52C6C79785}.Release|Any CPU.Build.0 = Release|Any CPU
	EndGlobalSection
	GlobalSection(SolutionProperties) = preSolution
		HideSolutionNode = FALSE
	EndGlobalSection
	GlobalSection(ExtensibilityGlobals) = postSolution
		SolutionGuid = {AB386738-A69E-4C78-9A30-65AEB70FEEF6}
	EndGlobalSection
EndGlobal
